Microsoft Visual Studio Solution File, Format Version 12.00
# Visual Studio Version 17
VisualStudioVersion = 17.5.2.0
MinimumVisualStudioVersion = 10.0.40219.1
Project("{FAE04EC0-301F-11D3-BF4B-00C04F79EFBC}") = "NFL-Teams", "NFL-Teams.csproj", "{8C2262EF-A007-8E28-3A4F-9C4C880E67F9}"
EndProject
Global
	GlobalSection(SolutionConfigurationPlatforms) = preSolution
		Debug|Any CPU = Debug|Any CPU
		Release|Any CPU = Release|Any CPU
	EndGlobalSection
	GlobalSection(ProjectConfigurationPlatforms) = postSolution
		{8C2262EF-A007-8E28-3A4F-9C4C880E67F9}.Debug|Any CPU.ActiveCfg = Debug|Any CPU
		{8C2262EF-A007-8E28-3A4F-9C4C880E67F9}.Debug|Any CPU.Build.0 = Debug|Any CPU
		{8C2262EF-A007-8E28-3A4F-9C4C880E67F9}.Release|Any CPU.ActiveCfg = Release|Any CPU
		{8C2262EF-A007-8E28-3A4F-9C4C880E67F9}.Release|Any CPU.Build.0 = Release|Any CPU
	EndGlobalSection
	GlobalSection(SolutionProperties) = preSolution
		HideSolutionNode = FALSE
	EndGlobalSection
	GlobalSection(ExtensibilityGlobals) = postSolution
		SolutionGuid = {FF9B7F79-162D-4D6A-9A6F-C10958373D0A}
	EndGlobalSection
EndGlobal
